
Microsoft Visual Studio Solution File, Format Version 12.00
# Visual Studio Version 16
VisualStudioVersion = 16.0.30907.101
MinimumVisualStudioVersion = 15.0.26124.0
Project("{FAE04EC0-301F-11D3-BF4B-00C04F79EFBC}") = "TodoApp.Web", "TodoApp.Web\TodoApp.Web.csproj", "{15DD4C31-B88F-4AB7-94FE-2C80557B15F3}"
EndProject
Project("{FAE04EC0-301F-11D3-BF4B-00C04F79EFBC}") = "TodoApp.Domain", "TodoApp.Domain\TodoApp.Domain.csproj", "{961449E5-3D08-4136-B6A4-8C2D3225CCEB}"
EndProject
Project("{FAE04EC0-301F-11D3-BF4B-00C04F79EFBC}") = "TodoApp.Data", "TodoApp.Data\TodoApp.Data.csproj", "{34AC060C-DC23-4FFC-A67D-E63A982B270B}"
EndProject
Global
	GlobalSection(SolutionConfigurationPlatforms) = preSolution
		Debug|Any CPU = Debug|Any CPU
		Release|Any CPU = Release|Any CPU
	EndGlobalSection
	GlobalSection(ProjectConfigurationPlatforms) = postSolution
		{15DD4C31-B88F-4AB7-94FE-2C80557B15F3}.Debug|Any CPU.ActiveCfg = Debug|Any CPU
		{15DD4C31-B88F-4AB7-94FE-2C80557B15F3}.Debug|Any CPU.Build.0 = Debug|Any CPU
		{15DD4C31-B88F-4AB7-94FE-2C80557B15F3}.Release|Any CPU.ActiveCfg = Release|Any CPU
		{15DD4C31-B88F-4AB7-94FE-2C80557B15F3}.Release|Any CPU.Build.0 = Release|Any CPU
		{961449E5-3D08-4136-B6A4-8C2D3225CCEB}.Debug|Any CPU.ActiveCfg = Debug|Any CPU
		{961449E5-3D08-4136-B6A4-8C2D3225CCEB}.Debug|Any CPU.Build.0 = Debug|Any CPU
		{961449E5-3D08-4136-B6A4-8C2D3225CCEB}.Release|Any CPU.ActiveCfg = Release|Any CPU
		{961449E5-3D08-4136-B6A4-8C2D3225CCEB}.Release|Any CPU.Build.0 = Release|Any CPU
		{34AC060C-DC23-4FFC-A67D-E63A982B270B}.Debug|Any CPU.ActiveCfg = Debug|Any CPU
		{34AC060C-DC23-4FFC-A67D-E63A982B270B}.Debug|Any CPU.Build.0 = Debug|Any CPU
		{34AC060C-DC23-4FFC-A67D-E63A982B270B}.Release|Any CPU.ActiveCfg = Release|Any CPU
		{34AC060C-DC23-4FFC-A67D-E63A982B270B}.Release|Any CPU.Build.0 = Release|Any CPU
	EndGlobalSection
	GlobalSection(SolutionProperties) = preSolution
		HideSolutionNode = FALSE
	EndGlobalSection
	GlobalSection(ExtensibilityGlobals) = postSolution
		SolutionGuid = {E52DBBCB-12CD-4EA2-89D8-9D2BB4EECBC4}
	EndGlobalSection
EndGlobal
